{
  "originHash" : "fc5628792d1cd222a901660da2ec4d7b7ff66a3c18378204e2b8ae989c3fb3cc",
  "pins" : [
    {
      "identity" : "fit-swift-sdk",
      "kind" : "remoteSourceControl",
      "location" : "https://github.com/garmin/fit-swift-sdk.git",
      "state" : {
        "revision" : "af587a248f9150c2a3b4ffb587741edd96655929",
        "version" : "21.195.0"
      }
    },
    {
      "identity" : "generative-ai-swift",
      "kind" : "remoteSourceControl",
      "location" : "https://github.com/google/generative-ai-swift",
      "state" : {
        "revision" : "44b8ce120425f9cf53ca756f3434ca2c2696f8bd",
        "version" : "0.5.6"
      }
    },
    {
      "identity" : "swift-collections",
      "kind" : "remoteSourceControl",
      "location" : "https://github.com/apple/swift-collections.git",
      "state" : {
        "revision" : "8c0c0a8b49e080e54e5e328cc552821ff07cd341",
        "version" : "1.2.1"
      }
    }
  ],
  "version" : 3
}
